// !$*UTF8*$!
{
	archiveVersion = 1;
	classes = {
	};
	objectVersion = 50;
	objects = {

/* Begin PBXBuildFile section */
		9931908724319CC00058FAE6 /* AppDelegate.swift in Sources */ = {isa = PBXBuildFile; fileRef = 9931908624319CC00058FAE6 /* AppDelegate.swift */; };
		9931908924319CC00058FAE6 /* SceneDelegate.swift in Sources */ = {isa = PBXBuildFile; fileRef = 9931908824319CC00058FAE6 /* SceneDelegate.swift */; };
		9931908B24319CC00058FAE6 /* ContentView.swift in Sources */ = {isa = PBXBuildFile; fileRef = 9931908A24319CC00058FAE6 /* ContentView.swift */; };
		9931908D24319CC20058FAE6 /* Assets.xcassets in Resources */ = {isa = PBXBuildFile; fileRef = 9931908C24319CC20058FAE6 /* Assets.xcassets */; };
		9931909024319CC20058FAE6 /* Preview Assets.xcassets in Resources */ = {isa = PBXBuildFile; fileRef = 9931908F24319CC20058FAE6 /* Preview Assets.xcassets */; };
		9931909324319CC20058FAE6 /* LaunchScreen.storyboard in Resources */ = {isa = PBXBuildFile; fileRef = 9931909124319CC20058FAE6 /* LaunchScreen.storyboard */; };
		9931909E24319CC20058FAE6 /* WishwipeTests.swift in Sources */ = {isa = PBXBuildFile; fileRef = 9931909D24319CC20058FAE6 /* WishwipeTests.swift */; };
		993190A924319CC20058FAE6 /* WishwipeUITests.swift in Sources */ = {isa = PBXBuildFile; fileRef = 993190A824319CC20058FAE6 /* WishwipeUITests.swift */; };
/* End PBXBuildFile section */

/* Begin PBXContainerItemProxy section */
		9931909A24319CC20058FAE6 /* PBXContainerItemProxy */ = {
			isa = PBXContainerItemProxy;
			containerPortal = 9931907B24319CC00058FAE6 /* Project object */;
			proxyType = 1;
			remoteGlobalIDString = 9931908224319CC00058FAE6;
			remoteInfo = Wishwipe;
		};
		993190A524319CC20058FAE6 /* PBXContainerItemProxy */ = {
			isa = PBXContainerItemProxy;
			containerPortal = 9931907B24319CC00058FAE6 /* Project object */;
			proxyType = 1;
			remoteGlobalIDString = 9931908224319CC00058FAE6;
			remoteInfo = Wishwipe;
		};
/* End PBXContainerItemProxy section */

/* Begin PBXFileReference section */
		9931908324319CC00058FAE6 /* Wishwipe.app */ = {isa = PBXFileReference; explicitFileType = wrapper.application; includeInIndex = 0; path = Wishwipe.app; sourceTree = BUILT_PRODUCTS_DIR; };
		9931908624319CC00058FAE6 /* AppDelegate.swift */ = {isa = PBXFileReference; lastKnownFileType = sourcecode.swift; path = AppDelegate.swift; sourceTree = "<group>"; };
		9931908824319CC00058FAE6 /* SceneDelegate.swift */ = {isa = PBXFileReference; lastKnownFileType = sourcecode.swift; path = SceneDelegate.swift; sourceTree = "<group>"; };
		9931908A24319CC00058FAE6 /* ContentView.swift */ = {isa = PBXFileReference; lastKnownFileType = sourcecode.swift; path = ContentView.swift; sourceTree = "<group>"; };
		9931908C24319CC20058FAE6 /* Assets.xcassets */ = {isa = PBXFileReference; lastKnownFileType = folder.assetcatalog; path = Assets.xcassets; sourceTree = "<group>"; };
		9931908F24319CC20058FAE6 /* Preview Assets.xcassets */ = {isa = PBXFileReference; lastKnownFileType = folder.assetcatalog; path = "Preview Assets.xcassets"; sourceTree = "<group>"; };
		9931909224319CC20058FAE6 /* Base */ = {isa = PBXFileReference; lastKnownFileType = file.storyboard; name = Base; path = Base.lproj/LaunchScreen.storyboard; sourceTree = "<group>"; };
		9931909424319CC20058FAE6 /* Info.plist */ = {isa = PBXFileReference; lastKnownFileType = text.plist.xml; path = Info.plist; sourceTree = "<group>"; };
		9931909924319CC20058FAE6 /* WishwipeTests.xctest */ = {isa = PBXFileReference; explicitFileType = wrapper.cfbundle; includeInIndex = 0; path = WishwipeTests.xctest; sourceTree = BUILT_PRODUCTS_DIR; };
		9931909D24319CC20058FAE6 /* WishwipeTests.swift */ = {isa = PBXFileReference; lastKnownFileType = sourcecode.swift; path = WishwipeTests.swift; sourceTree = "<group>"; };
		9931909F24319CC20058FAE6 /* Info.plist */ = {isa = PBXFileReference; lastKnownFileType = text.plist.xml; path = Info.plist; sourceTree = "<group>"; };
		993190A424319CC20058FAE6 /* WishwipeUITests.xctest */ = {isa = PBXFileReference; explicitFileType = wrapper.cfbundle; includeInIndex = 0; path = WishwipeUITests.xctest; sourceTree = BUILT_PRODUCTS_DIR; };
		993190A824319CC20058FAE6 /* WishwipeUITests.swift */ = {isa = PBXFileReference; lastKnownFileType = sourcecode.swift; path = WishwipeUITests.swift; sourceTree = "<group>"; };
		993190AA24319CC20058FAE6 /* Info.plist */ = {isa = PBXFileReference; lastKnownFileType = text.plist.xml; path = Info.plist; sourceTree = "<group>"; };
/* End PBXFileReference section */

/* Begin PBXFrameworksBuildPhase section */
		9931908024319CC00058FAE6 /* Frameworks */ = {
			isa = PBXFrameworksBuildPhase;
			buildActionMask = 2147483647;
			files = (
			);
			runOnlyForDeploymentPostprocessing = 0;
		};
		9931909624319CC20058FAE6 /* Frameworks */ = {
			isa = PBXFrameworksBuildPhase;
			buildActionMask = 2147483647;
			files = (
			);
			runOnlyForDeploymentPostprocessing = 0;
		};
		993190A124319CC20058FAE6 /* Frameworks */ = {
			isa = PBXFrameworksBuildPhase;
			buildActionMask = 2147483647;
			files = (
			);
			runOnlyForDeploymentPostprocessing = 0;
		};
/* End PBXFrameworksBuildPhase section */

/* Begin PBXGroup section */
		9931907A24319CC00058FAE6 = {
			isa = PBXGroup;
			children = (
				9931908524319CC00058FAE6 /* Wishwipe */,
				9931909C24319CC20058FAE6 /* WishwipeTests */,
				993190A724319CC20058FAE6 /* WishwipeUITests */,
				9931908424319CC00058FAE6 /* Products */,
			);
			sourceTree = "<group>";
		};
		9931908424319CC00058FAE6 /* Products */ = {
			isa = PBXGroup;
			children = (
				9931908324319CC00058FAE6 /* Wishwipe.app */,
				9931909924319CC20058FAE6 /* WishwipeTests.xctest */,
				993190A424319CC20058FAE6 /* WishwipeUITests.xctest */,
			);
			name = Products;
			sourceTree = "<group>";
		};
		9931908524319CC00058FAE6 /* Wishwipe */ = {
			isa = PBXGroup;
			children = (
				9931908624319CC00058FAE6 /* AppDelegate.swift */,
				9931908824319CC00058FAE6 /* SceneDelegate.swift */,
				9931908A24319CC00058FAE6 /* ContentView.swift */,
				9931908C24319CC20058FAE6 /* Assets.xcassets */,
				9931909124319CC20058FAE6 /* LaunchScreen.storyboard */,
				9931909424319CC20058FAE6 /* Info.plist */,
				9931908E24319CC20058FAE6 /* Preview Content */,
			);
			path = Wishwipe;
			sourceTree = "<group>";
		};
		9931908E24319CC20058FAE6 /* Preview Content */ = {
			isa = PBXGroup;
			children = (
				9931908F24319CC20058FAE6 /* Preview Assets.xcassets */,
			);
			path = "Preview Content";
			sourceTree = "<group>";
		};
		9931909C24319CC20058FAE6 /* WishwipeTests */ = {
			isa = PBXGroup;
			children = (
				9931909D24319CC20058FAE6 /* WishwipeTests.swift */,
				9931909F24319CC20058FAE6 /* Info.plist */,
			);
			path = WishwipeTests;
			sourceTree = "<group>";
		};
		993190A724319CC20058FAE6 /* WishwipeUITests */ = {
			isa = PBXGroup;
			children = (
				993190A824319CC20058FAE6 /* WishwipeUITests.swift */,
				993190AA24319CC20058FAE6 /* Info.plist */,
			);
			path = WishwipeUITests;
			sourceTree = "<group>";
		};
/* End PBXGroup section */

/* Begin PBXNativeTarget section */
		9931908224319CC00058FAE6 /* Wishwipe */ = {
			isa = PBXNativeTarget;
			buildConfigurationList = 993190AD24319CC20058FAE6 /* Build configuration list for PBXNativeTarget "Wishwipe" */;
			buildPhases = (
				9931907F24319CC00058FAE6 /* Sources */,
				9931908024319CC00058FAE6 /* Frameworks */,
				9931908124319CC00058FAE6 /* Resources */,
			);
			buildRules = (
			);
			dependencies = (
			);
			name = Wishwipe;
			productName = Wishwipe;
			productReference = 9931908324319CC00058FAE6 /* Wishwipe.app */;
			productType = "com.apple.product-type.application";
		};
		9931909824319CC20058FAE6 /* WishwipeTests */ = {
			isa = PBXNativeTarget;
			buildConfigurationList = 993190B024319CC20058FAE6 /* Build configuration list for PBXNativeTarget "WishwipeTests" */;
			buildPhases = (
				9931909524319CC20058FAE6 /* Sources */,
				9931909624319CC20058FAE6 /* Frameworks */,
				9931909724319CC20058FAE6 /* Resources */,
			);
			buildRules = (
			);
			dependencies = (
				9931909B24319CC20058FAE6 /* PBXTargetDependency */,
			);
			name = WishwipeTests;
			productName = WishwipeTests;
			productReference = 9931909924319CC20058FAE6 /* WishwipeTests.xctest */;
			productType = "com.apple.product-type.bundle.unit-test";
		};
		993190A324319CC20058FAE6 /* WishwipeUITests */ = {
			isa = PBXNativeTarget;
			buildConfigurationList = 993190B324319CC20058FAE6 /* Build configuration list for PBXNativeTarget "WishwipeUITests" */;
			buildPhases = (
				993190A024319CC20058FAE6 /* Sources */,
				993190A124319CC20058FAE6 /* Frameworks */,
				993190A224319CC20058FAE6 /* Resources */,
			);
			buildRules = (
			);
			dependencies = (
				993190A624319CC20058FAE6 /* PBXTargetDependency */,
			);
			name = WishwipeUITests;
			productName = WishwipeUITests;
			productReference = 993190A424319CC20058FAE6 /* WishwipeUITests.xctest */;
			productType = "com.apple.product-type.bundle.ui-testing";
		};
/* End PBXNativeTarget section */

/* Begin PBXProject section */
		9931907B24319CC00058FAE6 /* Project object */ = {
			isa = PBXProject;
			attributes = {
				LastSwiftUpdateCheck = 1140;
				LastUpgradeCheck = 1140;
				ORGANIZATIONNAME = "Yuto Mizutani";
				TargetAttributes = {
					9931908224319CC00058FAE6 = {
						CreatedOnToolsVersion = 11.4;
					};
					9931909824319CC20058FAE6 = {
						CreatedOnToolsVersion = 11.4;
						TestTargetID = 9931908224319CC00058FAE6;
					};
					993190A324319CC20058FAE6 = {
						CreatedOnToolsVersion = 11.4;
						TestTargetID = 9931908224319CC00058FAE6;
					};
				};
			};
			buildConfigurationList = 9931907E24319CC00058FAE6 /* Build configuration list for PBXProject "Wishwipe" */;
			compatibilityVersion = "Xcode 9.3";
			developmentRegion = en;
			hasScannedForEncodings = 0;
			knownRegions = (
				en,
				Base,
			);
			mainGroup = 9931907A24319CC00058FAE6;
			productRefGroup = 9931908424319CC00058FAE6 /* Products */;
			projectDirPath = "";
			projectRoot = "";
			targets = (
				9931908224319CC00058FAE6 /* Wishwipe */,
				9931909824319CC20058FAE6 /* WishwipeTests */,
				993190A324319CC20058FAE6 /* WishwipeUITests */,
			);
		};
/* End PBXProject section */

/* Begin PBXResourcesBuildPhase section */
		9931908124319CC00058FAE6 /* Resources */ = {
			isa = PBXResourcesBuildPhase;
			buildActionMask = 2147483647;
			files = (
				9931909324319CC20058FAE6 /* LaunchScreen.storyboard in Resources */,
				9931909024319CC20058FAE6 /* Preview Assets.xcassets in Resources */,
				9931908D24319CC20058FAE6 /* Assets.xcassets in Resources */,
			);
			runOnlyForDeploymentPostprocessing = 0;
		};
		9931909724319CC20058FAE6 /* Resources */ = {
			isa = PBXResourcesBuildPhase;
			buildActionMask = 2147483647;
			files = (
			);
			runOnlyForDeploymentPostprocessing = 0;
		};
		993190A224319CC20058FAE6 /* Resources */ = {
			isa = PBXResourcesBuildPhase;
			buildActionMask = 2147483647;
			files = (
			);
			runOnlyForDeploymentPostprocessing = 0;
		};
/* End PBXResourcesBuildPhase section */

/* Begin PBXSourcesBuildPhase section */
		9931907F24319CC00058FAE6 /* Sources */ = {
			isa = PBXSourcesBuildPhase;
			buildActionMask = 2147483647;
			files = (
				9931908724319CC00058FAE6 /* AppDelegate.swift in Sources */,
				9931908924319CC00058FAE6 /* SceneDelegate.swift in Sources */,
				9931908B24319CC00058FAE6 /* ContentView.swift in Sources */,
			);
			runOnlyForDeploymentPostprocessing = 0;
		};
		9931909524319CC20058FAE6 /* Sources */ = {
			isa = PBXSourcesBuildPhase;
			buildActionMask = 2147483647;
			files = (
				9931909E24319CC20058FAE6 /* WishwipeTests.swift in Sources */,
			);
			runOnlyForDeploymentPostprocessing = 0;
		};
		993190A024319CC20058FAE6 /* Sources */ = {
			isa = PBXSourcesBuildPhase;
			buildActionMask = 2147483647;
			files = (
				993190A924319CC20058FAE6 /* WishwipeUITests.swift in Sources */,
			);
			runOnlyForDeploymentPostprocessing = 0;
		};
/* End PBXSourcesBuildPhase section */

/* Begin PBXTargetDependency section */
		9931909B24319CC20058FAE6 /* PBXTargetDependency */ = {
			isa = PBXTargetDependency;
			target = 9931908224319CC00058FAE6 /* Wishwipe */;
			targetProxy = 9931909A24319CC20058FAE6 /* PBXContainerItemProxy */;
		};
		993190A624319CC20058FAE6 /* PBXTargetDependency */ = {
			isa = PBXTargetDependency;
			target = 9931908224319CC00058FAE6 /* Wishwipe */;
			targetProxy = 993190A524319CC20058FAE6 /* PBXContainerItemProxy */;
		};
/* End PBXTargetDependency section */

/* Begin PBXVariantGroup section */
		9931909124319CC20058FAE6 /* LaunchScreen.storyboard */ = {
			isa = PBXVariantGroup;
			children = (
				9931909224319CC20058FAE6 /* Base */,
			);
			name = LaunchScreen.storyboard;
			sourceTree = "<group>";
		};
/* End PBXVariantGroup section */

/* Begin XCBuildConfiguration section */
		993190AB24319CC20058FAE6 /* Debug */ = {
			isa = XCBuildConfiguration;
			buildSettings = {
				ALWAYS_SEARCH_USER_PATHS = NO;
				CLANG_ANALYZER_NONNULL = YES;
				CLANG_ANALYZER_NUMBER_OBJECT_CONVERSION = YES_AGGRESSIVE;
				CLANG_CXX_LANGUAGE_STANDARD = "gnu++14";
				CLANG_CXX_LIBRARY = "libc++";
				CLANG_ENABLE_MODULES = YES;
				CLANG_ENABLE_OBJC_ARC = YES;
				CLANG_ENABLE_OBJC_WEAK = YES;
				CLANG_WARN_BLOCK_CAPTURE_AUTORELEASING = YES;
				CLANG_WARN_BOOL_CONVERSION = YES;
				CLANG_WARN_COMMA = YES;
				CLANG_WARN_CONSTANT_CONVERSION = YES;
				CLANG_WARN_DEPRECATED_OBJC_IMPLEMENTATIONS = YES;
				CLANG_WARN_DIRECT_OBJC_ISA_USAGE = YES_ERROR;
				CLANG_WARN_DOCUMENTATION_COMMENTS = YES;
				CLANG_WARN_EMPTY_BODY = YES;
				CLANG_WARN_ENUM_CONVERSION = YES;
				CLANG_WARN_INFINITE_RECURSION = YES;
				CLANG_WARN_INT_CONVERSION = YES;
				CLANG_WARN_NON_LITERAL_NULL_CONVERSION = YES;
				CLANG_WARN_OBJC_IMPLICIT_RETAIN_SELF = YES;
				CLANG_WARN_OBJC_LITERAL_CONVERSION = YES;
				CLANG_WARN_OBJC_ROOT_CLASS = YES_ERROR;
				CLANG_WARN_RANGE_LOOP_ANALYSIS = YES;
				CLANG_WARN_STRICT_PROTOTYPES = YES;
				CLANG_WARN_SUSPICIOUS_MOVE = YES;
				CLANG_WARN_UNGUARDED_AVAILABILITY = YES_AGGRESSIVE;
				CLANG_WARN_UNREACHABLE_CODE = YES;
				CLANG_WARN__DUPLICATE_METHOD_MATCH = YES;
				COPY_PHASE_STRIP = NO;
				DEBUG_INFORMATION_FORMAT = dwarf;
				ENABLE_STRICT_OBJC_MSGSEND = YES;
				ENABLE_TESTABILITY = YES;
				GCC_C_LANGUAGE_STANDARD = gnu11;
				GCC_DYNAMIC_NO_PIC = NO;
				GCC_NO_COMMON_BLOCKS = YES;
				GCC_OPTIMIZATION_LEVEL = 0;
				GCC_PREPROCESSOR_DEFINITIONS = (
					"DEBUG=1",
					"$(inherited)",
				);
				GCC_WARN_64_TO_32_BIT_CONVERSION = YES;
				GCC_WARN_ABOUT_RETURN_TYPE = YES_ERROR;
				GCC_WARN_UNDECLARED_SELECTOR = YES;
				GCC_WARN_UNINITIALIZED_AUTOS = YES_AGGRESSIVE;
				GCC_WARN_UNUSED_FUNCTION = YES;
				GCC_WARN_UNUSED_VARIABLE = YES;
				IPHONEOS_DEPLOYMENT_TARGET = 13.4;
				MTL_ENABLE_DEBUG_INFO = INCLUDE_SOURCE;
				MTL_FAST_MATH = YES;
				ONLY_ACTIVE_ARCH = YES;
				SDKROOT = iphoneos;
				SWIFT_ACTIVE_COMPILATION_CONDITIONS = DEBUG;
				SWIFT_OPTIMIZATION_LEVEL = "-Onone";
			};
			name = Debug;
		};
		993190AC24319CC20058FAE6 /* Release */ = {
			isa = XCBuildConfiguration;
			buildSettings = {
				ALWAYS_SEARCH_USER_PATHS = NO;
				CLANG_ANALYZER_NONNULL = YES;
				CLANG_ANALYZER_NUMBER_OBJECT_CONVERSION = YES_AGGRESSIVE;
				CLANG_CXX_LANGUAGE_STANDARD = "gnu++14";
				CLANG_CXX_LIBRARY = "libc++";
				CLANG_ENABLE_MODULES = YES;
				CLANG_ENABLE_OBJC_ARC = YES;
				CLANG_ENABLE_OBJC_WEAK = YES;
				CLANG_WARN_BLOCK_CAPTURE_AUTORELEASING = YES;
				CLANG_WARN_BOOL_CONVERSION = YES;
				CLANG_WARN_COMMA = YES;
				CLANG_WARN_CONSTANT_CONVERSION = YES;
				CLANG_WARN_DEPRECATED_OBJC_IMPLEMENTATIONS = YES;
				CLANG_WARN_DIRECT_OBJC_ISA_USAGE = YES_ERROR;
				CLANG_WARN_DOCUMENTATION_COMMENTS = YES;
				CLANG_WARN_EMPTY_BODY = YES;
				CLANG_WARN_ENUM_CONVERSION = YES;
				CLANG_WARN_INFINITE_RECURSION = YES;
				CLANG_WARN_INT_CONVERSION = YES;
				CLANG_WARN_NON_LITERAL_NULL_CONVERSION = YES;
				CLANG_WARN_OBJC_IMPLICIT_RETAIN_SELF = YES;
				CLANG_WARN_OBJC_LITERAL_CONVERSION = YES;
				CLANG_WARN_OBJC_ROOT_CLASS = YES_ERROR;
				CLANG_WARN_RANGE_LOOP_ANALYSIS = YES;
				CLANG_WARN_STRICT_PROTOTYPES = YES;
				CLANG_WARN_SUSPICIOUS_MOVE = YES;
				CLANG_WARN_UNGUARDED_AVAILABILITY = YES_AGGRESSIVE;
				CLANG_WARN_UNREACHABLE_CODE = YES;
				CLANG_WARN__DUPLICATE_METHOD_MATCH = YES;
				COPY_PHASE_STRIP = NO;
				DEBUG_INFORMATION_FORMAT = "dwarf-with-dsym";
				ENABLE_NS_ASSERTIONS = NO;
				ENABLE_STRICT_OBJC_MSGSEND = YES;
				GCC_C_LANGUAGE_STANDARD = gnu11;
				GCC_NO_COMMON_BLOCKS = YES;
				GCC_WARN_64_TO_32_BIT_CONVERSION = YES;
				GCC_WARN_ABOUT_RETURN_TYPE = YES_ERROR;
				GCC_WARN_UNDECLARED_SELECTOR = YES;
				GCC_WARN_UNINITIALIZED_AUTOS = YES_AGGRESSIVE;
				GCC_WARN_UNUSED_FUNCTION = YES;
				GCC_WARN_UNUSED_VARIABLE = YES;
				IPHONEOS_DEPLOYMENT_TARGET = 13.4;
				MTL_ENABLE_DEBUG_INFO = NO;
				MTL_FAST_MATH = YES;
				SDKROOT = iphoneos;
				SWIFT_COMPILATION_MODE = wholemodule;
				SWIFT_OPTIMIZATION_LEVEL = "-O";
				VALIDATE_PRODUCT = YES;
			};
			name = Release;
		};
		993190AE24319CC20058FAE6 /* Debug */ = {
			isa = XCBuildConfiguration;
			buildSettings = {
				ASSETCATALOG_COMPILER_APPICON_NAME = AppIcon;
				CODE_SIGN_STYLE = Automatic;
				DEVELOPMENT_ASSET_PATHS = "\"Wishwipe/Preview Content\"";
				DEVELOPMENT_TEAM = Y3FSN97W3M;
				ENABLE_PREVIEWS = YES;
				INFOPLIST_FILE = Wishwipe/Info.plist;
				LD_RUNPATH_SEARCH_PATHS = (
					"$(inherited)",
					"@executable_path/Frameworks",
				);
				PRODUCT_BUNDLE_IDENTIFIER = com.ym.Wishwipe;
				PRODUCT_NAME = "$(TARGET_NAME)";
				SWIFT_VERSION = 5.0;
				TARGETED_DEVICE_FAMILY = "1,2";
			};
			name = Debug;
		};
		993190AF24319CC20058FAE6 /* Release */ = {
			isa = XCBuildConfiguration;
			buildSettings = {
				ASSETCATALOG_COMPILER_APPICON_NAME = AppIcon;
				CODE_SIGN_STYLE = Automatic;
				DEVELOPMENT_ASSET_PATHS = "\"Wishwipe/Preview Content\"";
				DEVELOPMENT_TEAM = Y3FSN97W3M;
				ENABLE_PREVIEWS = YES;
				INFOPLIST_FILE = Wishwipe/Info.plist;
				LD_RUNPATH_SEARCH_PATHS = (
					"$(inherited)",
					"@executable_path/Frameworks",
				);
				PRODUCT_BUNDLE_IDENTIFIER = com.ym.Wishwipe;
				PRODUCT_NAME = "$(TARGET_NAME)";
				SWIFT_VERSION = 5.0;
				TARGETED_DEVICE_FAMILY = "1,2";
			};
			name = Release;
		};
		993190B124319CC20058FAE6 /* Debug */ = {
			isa = XCBuildConfiguration;
			buildSettings = {
				ALWAYS_EMBED_SWIFT_STANDARD_LIBRARIES = YES;
				BUNDLE_LOADER = "$(TEST_HOST)";
				CODE_SIGN_STYLE = Automatic;
				DEVELOPMENT_TEAM = Y3FSN97W3M;
				INFOPLIST_FILE = WishwipeTests/Info.plist;
				IPHONEOS_DEPLOYMENT_TARGET = 13.4;
				LD_RUNPATH_SEARCH_PATHS = (
					"$(inherited)",
					"@executable_path/Frameworks",
					"@loader_path/Frameworks",
				);
				PRODUCT_BUNDLE_IDENTIFIER = com.ym.WishwipeTests;
				PRODUCT_NAME = "$(TARGET_NAME)";
				SWIFT_VERSION = 5.0;
				TARGETED_DEVICE_FAMILY = "1,2";
				TEST_HOST = "$(BUILT_PRODUCTS_DIR)/Wishwipe.app/Wishwipe";
			};
			name = Debug;
		};
		993190B224319CC20058FAE6 /* Release */ = {
			isa = XCBuildConfiguration;
			buildSettings = {
				ALWAYS_EMBED_SWIFT_STANDARD_LIBRARIES = YES;
				BUNDLE_LOADER = "$(TEST_HOST)";
				CODE_SIGN_STYLE = Automatic;
				DEVELOPMENT_TEAM = Y3FSN97W3M;
				INFOPLIST_FILE = WishwipeTests/Info.plist;
				IPHONEOS_DEPLOYMENT_TARGET = 13.4;
				LD_RUNPATH_SEARCH_PATHS = (
					"$(inherited)",
					"@executable_path/Frameworks",
					"@loader_path/Frameworks",
				);
				PRODUCT_BUNDLE_IDENTIFIER = com.ym.WishwipeTests;
				PRODUCT_NAME = "$(TARGET_NAME)";
				SWIFT_VERSION = 5.0;
				TARGETED_DEVICE_FAMILY = "1,2";
				TEST_HOST = "$(BUILT_PRODUCTS_DIR)/Wishwipe.app/Wishwipe";
			};
			name = Release;
		};
		993190B424319CC20058FAE6 /* Debug */ = {
			isa = XCBuildConfiguration;
			buildSettings = {
				ALWAYS_EMBED_SWIFT_STANDARD_LIBRARIES = YES;
				CODE_SIGN_STYLE = Automatic;
				DEVELOPMENT_TEAM = Y3FSN97W3M;
				INFOPLIST_FILE = WishwipeUITests/Info.plist;
				LD_RUNPATH_SEARCH_PATHS = (
					"$(inherited)",
					"@executable_path/Frameworks",
					"@loader_path/Frameworks",
				);
				PRODUCT_BUNDLE_IDENTIFIER = com.ym.WishwipeUITests;
				PRODUCT_NAME = "$(TARGET_NAME)";
				SWIFT_VERSION = 5.0;
				TARGETED_DEVICE_FAMILY = "1,2";
				TEST_TARGET_NAME = Wishwipe;
			};
			name = Debug;
		};
		993190B524319CC20058FAE6 /* Release */ = {
			isa = XCBuildConfiguration;
			buildSettings = {
				ALWAYS_EMBED_SWIFT_STANDARD_LIBRARIES = YES;
				CODE_SIGN_STYLE = Automatic;
				DEVELOPMENT_TEAM = Y3FSN97W3M;
				INFOPLIST_FILE = WishwipeUITests/Info.plist;
				LD_RUNPATH_SEARCH_PATHS = (
					"$(inherited)",
					"@executable_path/Frameworks",
					"@loader_path/Frameworks",
				);
				PRODUCT_BUNDLE_IDENTIFIER = com.ym.WishwipeUITests;
				PRODUCT_NAME = "$(TARGET_NAME)";
				SWIFT_VERSION = 5.0;
				TARGETED_DEVICE_FAMILY = "1,2";
				TEST_TARGET_NAME = Wishwipe;
			};
			name = Release;
		};
/* End XCBuildConfiguration section */

/* Begin XCConfigurationList section */
		9931907E24319CC00058FAE6 /* Build configuration list for PBXProject "Wishwipe" */ = {
			isa = XCConfigurationList;
			buildConfigurations = (
				993190AB24319CC20058FAE6 /* Debug */,
				993190AC24319CC20058FAE6 /* Release */,
			);
			defaultConfigurationIsVisible = 0;
			defaultConfigurationName = Release;
		};
		993190AD24319CC20058FAE6 /* Build configuration list for PBXNativeTarget "Wishwipe" */ = {
			isa = XCConfigurationList;
			buildConfigurations = (
				993190AE24319CC20058FAE6 /* Debug */,
				993190AF24319CC20058FAE6 /* Release */,
			);
			defaultConfigurationIsVisible = 0;
			defaultConfigurationName = Release;
		};
		993190B024319CC20058FAE6 /* Build configuration list for PBXNativeTarget "WishwipeTests" */ = {
			isa = XCConfigurationList;
			buildConfigurations = (
				993190B124319CC20058FAE6 /* Debug */,
				993190B224319CC20058FAE6 /* Release */,
			);
			defaultConfigurationIsVisible = 0;
			defaultConfigurationName = Release;
		};
		993190B324319CC20058FAE6 /* Build configuration list for PBXNativeTarget "WishwipeUITests" */ = {
			isa = XCConfigurationList;
			buildConfigurations = (
				993190B424319CC20058FAE6 /* Debug */,
				993190B524319CC20058FAE6 /* Release */,
			);
			defaultConfigurationIsVisible = 0;
			defaultConfigurationName = Release;
		};
/* End XCConfigurationList section */
	};
	rootObject = 9931907B24319CC00058FAE6 /* Project object */;
}
